Microsoft Visual Studio Solution File, Format Version 11.00
# Visual Studio 2008

Project("{A080C226-82B7-A93B-1745-C48AECC83650}") = "Tempest Leap (Prototype) OVR", "Assembly-CSharp-firstpass.csproj", "{E44D2F5A-E669-5241-B8FB-63BA18FCAF74}"
EndProject
Project("{A080C226-82B7-A93B-1745-C48AECC83650}") = "Tempest Leap (Prototype) OVR", "Assembly-CSharp.csproj", "{749B7F4F-DFA9-68A8-4FB7-5766290048AF}"
EndProject
Project("{A080C226-82B7-A93B-1745-C48AECC83650}") = "Tempest Leap (Prototype) OVR", "Assembly-CSharp-Editor.csproj", "{5D0B966A-3D32-8A4C-BD6E-8F96C1BC319C}"
EndProject
Project("{A080C226-82B7-A93B-1745-C48AECC83650}") = "Tempest Leap (Prototype) OVR", "Assembly-UnityScript-firstpass.unityproj", "{0A66CD36-ACE4-F4B2-D6C5-350FE2FC0D45}"
EndProject
Project("{A080C226-82B7-A93B-1745-C48AECC83650}") = "Tempest Leap (Prototype) OVR", "Assembly-UnityScript.unityproj", "{A7C2FBA1-5532-3866-EC0B-4DECE8A5CF75}"
EndProject
Global
	GlobalSection(SolutionConfigurationPlatforms) = preSolution
		Debug|Any CPU = Debug|Any CPU
		Release|Any CPU = Release|Any CPU
	EndGlobalSection
	GlobalSection(ProjectConfigurationPlatforms) = postSolution
		{E44D2F5A-E669-5241-B8FB-63BA18FCAF74}.Debug|Any CPU.ActiveCfg = Debug|Any CPU
		{E44D2F5A-E669-5241-B8FB-63BA18FCAF74}.Debug|Any CPU.Build.0 = Debug|Any CPU
		{E44D2F5A-E669-5241-B8FB-63BA18FCAF74}.Release|Any CPU.ActiveCfg = Release|Any CPU
		{E44D2F5A-E669-5241-B8FB-63BA18FCAF74}.Release|Any CPU.Build.0 = Release|Any CPU
		{749B7F4F-DFA9-68A8-4FB7-5766290048AF}.Debug|Any CPU.ActiveCfg = Debug|Any CPU
		{749B7F4F-DFA9-68A8-4FB7-5766290048AF}.Debug|Any CPU.Build.0 = Debug|Any CPU
		{749B7F4F-DFA9-68A8-4FB7-5766290048AF}.Release|Any CPU.ActiveCfg = Release|Any CPU
		{749B7F4F-DFA9-68A8-4FB7-5766290048AF}.Release|Any CPU.Build.0 = Release|Any CPU
		{5D0B966A-3D32-8A4C-BD6E-8F96C1BC319C}.Debug|Any CPU.ActiveCfg = Debug|Any CPU
		{5D0B966A-3D32-8A4C-BD6E-8F96C1BC319C}.Debug|Any CPU.Build.0 = Debug|Any CPU
		{5D0B966A-3D32-8A4C-BD6E-8F96C1BC319C}.Release|Any CPU.ActiveCfg = Release|Any CPU
		{5D0B966A-3D32-8A4C-BD6E-8F96C1BC319C}.Release|Any CPU.Build.0 = Release|Any CPU
		{0A66CD36-ACE4-F4B2-D6C5-350FE2FC0D45}.Debug|Any CPU.ActiveCfg = Debug|Any CPU
		{0A66CD36-ACE4-F4B2-D6C5-350FE2FC0D45}.Debug|Any CPU.Build.0 = Debug|Any CPU
		{0A66CD36-ACE4-F4B2-D6C5-350FE2FC0D45}.Release|Any CPU.ActiveCfg = Release|Any CPU
		{0A66CD36-ACE4-F4B2-D6C5-350FE2FC0D45}.Release|Any CPU.Build.0 = Release|Any CPU
		{A7C2FBA1-5532-3866-EC0B-4DECE8A5CF75}.Debug|Any CPU.ActiveCfg = Debug|Any CPU
		{A7C2FBA1-5532-3866-EC0B-4DECE8A5CF75}.Debug|Any CPU.Build.0 = Debug|Any CPU
		{A7C2FBA1-5532-3866-EC0B-4DECE8A5CF75}.Release|Any CPU.ActiveCfg = Release|Any CPU
		{A7C2FBA1-5532-3866-EC0B-4DECE8A5CF75}.Release|Any CPU.Build.0 = Release|Any CPU
	EndGlobalSection
	GlobalSection(SolutionProperties) = preSolution
		HideSolutionNode = FALSE
	EndGlobalSection
			GlobalSection(MonoDevelopProperties) = preSolution
		StartupItem = Assembly-CSharp.csproj
		Policies = $0
		$0.TextStylePolicy = $1
		$1.inheritsSet = null
		$1.scope = text/x-csharp
		$0.CSharpFormattingPolicy = $2
		$2.inheritsSet = Mono
		$2.inheritsScope = text/x-csharp
		$2.scope = text/x-csharp
		$0.TextStylePolicy = $3
		$3.FileWidth = 120
		$3.TabWidth = 4
		$3.EolMarker = Unix
		$3.inheritsSet = Mono
		$3.inheritsScope = text/plain
		$3.scope = text/plain
	EndGlobalSection

EndGlobal
